// !$*UTF8*$!
{
	archiveVersion = 1;
	classes = {
	};
	objectVersion = 48;
	objects = {

/* Begin PBXBuildFile section */
		9D8F43AE1FBD88A30001BAE9 /* AppDelegate.m in Sources */ = {isa = PBXBuildFile; fileRef = 9D8F43AD1FBD88A30001BAE9 /* AppDelegate.m */; };
		9D8F43B11FBD88A30001BAE9 /* ViewController.m in Sources */ = {isa = PBXBuildFile; fileRef = 9D8F43B01FBD88A30001BAE9 /* ViewController.m */; };
		9D8F43B41FBD88A30001BAE9 /* Main.storyboard in Resources */ = {isa = PBXBuildFile; fileRef = 9D8F43B21FBD88A30001BAE9 /* Main.storyboard */; };
		9D8F43B61FBD88A30001BAE9 /* Assets.xcassets in Resources */ = {isa = PBXBuildFile; fileRef = 9D8F43B51FBD88A30001BAE9 /* Assets.xcassets */; };
		9D8F43B91FBD88A30001BAE9 /* LaunchScreen.storyboard in Resources */ = {isa = PBXBuildFile; fileRef = 9D8F43B71FBD88A30001BAE9 /* LaunchScreen.storyboard */; };
		9D8F43BC1FBD88A30001BAE9 /* main.m in Sources */ = {isa = PBXBuildFile; fileRef = 9D8F43BB1FBD88A30001BAE9 /* main.m */; };
		9D8F43C61FBD88A30001BAE9 /* PSProgressHUDTests.m in Sources */ = {isa = PBXBuildFile; fileRef = 9D8F43C51FBD88A30001BAE9 /* PSProgressHUDTests.m */; };
		9D8F43D11FBD88A30001BAE9 /* PSProgressHUDUITests.m in Sources */ = {isa = PBXBuildFile; fileRef = 9D8F43D01FBD88A30001BAE9 /* PSProgressHUDUITests.m */; };
/* End PBXBuildFile section */

/* Begin PBXContainerItemProxy section */
		9D8F43C21FBD88A30001BAE9 /* PBXContainerItemProxy */ = {
			isa = PBXContainerItemProxy;
			containerPortal = 9D8F43A11FBD88A30001BAE9 /* Project object */;
			proxyType = 1;
			remoteGlobalIDString = 9D8F43A81FBD88A30001BAE9;
			remoteInfo = PSProgressHUD;
		};
		9D8F43CD1FBD88A30001BAE9 /* PBXContainerItemProxy */ = {
			isa = PBXContainerItemProxy;
			containerPortal = 9D8F43A11FBD88A30001BAE9 /* Project object */;
			proxyType = 1;
			remoteGlobalIDString = 9D8F43A81FBD88A30001BAE9;
			remoteInfo = PSProgressHUD;
		};
/* End PBXContainerItemProxy section */

/* Begin PBXFileReference section */
		9D8F43A91FBD88A30001BAE9 /* PSProgressHUD.app */ = {isa = PBXFileReference; explicitFileType = wrapper.application; includeInIndex = 0; path = PSProgressHUD.app; sourceTree = BUILT_PRODUCTS_DIR; };
		9D8F43AC1FBD88A30001BAE9 /* AppDelegate.h */ = {isa = PBXFileReference; lastKnownFileType = sourcecode.c.h; path = AppDelegate.h; sourceTree = "<group>"; };
		9D8F43AD1FBD88A30001BAE9 /* AppDelegate.m */ = {isa = PBXFileReference; lastKnownFileType = sourcecode.c.objc; path = AppDelegate.m; sourceTree = "<group>"; };
		9D8F43AF1FBD88A30001BAE9 /* ViewController.h */ = {isa = PBXFileReference; lastKnownFileType = sourcecode.c.h; path = ViewController.h; sourceTree = "<group>"; };
		9D8F43B01FBD88A30001BAE9 /* ViewController.m */ = {isa = PBXFileReference; lastKnownFileType = sourcecode.c.objc; path = ViewController.m; sourceTree = "<group>"; };
		9D8F43B31FBD88A30001BAE9 /* Base */ = {isa = PBXFileReference; lastKnownFileType = file.storyboard; name = Base; path = Base.lproj/Main.storyboard; sourceTree = "<group>"; };
		9D8F43B51FBD88A30001BAE9 /* Assets.xcassets */ = {isa = PBXFileReference; lastKnownFileType = folder.assetcatalog; path = Assets.xcassets; sourceTree = "<group>"; };
		9D8F43B81FBD88A30001BAE9 /* Base */ = {isa = PBXFileReference; lastKnownFileType = file.storyboard; name = Base; path = Base.lproj/LaunchScreen.storyboard; sourceTree = "<group>"; };
		9D8F43BA1FBD88A30001BAE9 /* Info.plist */ = {isa = PBXFileReference; lastKnownFileType = text.plist.xml; path = Info.plist; sourceTree = "<group>"; };
		9D8F43BB1FBD88A30001BAE9 /* main.m */ = {isa = PBXFileReference; lastKnownFileType = sourcecode.c.objc; path = main.m; sourceTree = "<group>"; };
		9D8F43C11FBD88A30001BAE9 /* PSProgressHUDTests.xctest */ = {isa = PBXFileReference; explicitFileType = wrapper.cfbundle; includeInIndex = 0; path = PSProgressHUDTests.xctest; sourceTree = BUILT_PRODUCTS_DIR; };
		9D8F43C51FBD88A30001BAE9 /* PSProgressHUDTests.m */ = {isa = PBXFileReference; lastKnownFileType = sourcecode.c.objc; path = PSProgressHUDTests.m; sourceTree = "<group>"; };
		9D8F43C71FBD88A30001BAE9 /* Info.plist */ = {isa = PBXFileReference; lastKnownFileType = text.plist.xml; path = Info.plist; sourceTree = "<group>"; };
		9D8F43CC1FBD88A30001BAE9 /* PSProgressHUDUITests.xctest */ = {isa = PBXFileReference; explicitFileType = wrapper.cfbundle; includeInIndex = 0; path = PSProgressHUDUITests.xctest; sourceTree = BUILT_PRODUCTS_DIR; };
		9D8F43D01FBD88A30001BAE9 /* PSProgressHUDUITests.m */ = {isa = PBXFileReference; lastKnownFileType = sourcecode.c.objc; path = PSProgressHUDUITests.m; sourceTree = "<group>"; };
		9D8F43D21FBD88A30001BAE9 /* Info.plist */ = {isa = PBXFileReference; lastKnownFileType = text.plist.xml; path = Info.plist; sourceTree = "<group>"; };
/* End PBXFileReference section */

/* Begin PBXFrameworksBuildPhase section */
		9D8F43A61FBD88A30001BAE9 /* Frameworks */ = {
			isa = PBXFrameworksBuildPhase;
			buildActionMask = 2147483647;
			files = (
			);
			runOnlyForDeploymentPostprocessing = 0;
		};
		9D8F43BE1FBD88A30001BAE9 /* Frameworks */ = {
			isa = PBXFrameworksBuildPhase;
			buildActionMask = 2147483647;
			files = (
			);
			runOnlyForDeploymentPostprocessing = 0;
		};
		9D8F43C91FBD88A30001BAE9 /* Frameworks */ = {
			isa = PBXFrameworksBuildPhase;
			buildActionMask = 2147483647;
			files = (
			);
			runOnlyForDeploymentPostprocessing = 0;
		};
/* End PBXFrameworksBuildPhase section */

/* Begin PBXGroup section */
		9D8F43A01FBD88A30001BAE9 = {
			isa = PBXGroup;
			children = (
				9D8F43AB1FBD88A30001BAE9 /* PSProgressHUD */,
				9D8F43C41FBD88A30001BAE9 /* PSProgressHUDTests */,
				9D8F43CF1FBD88A30001BAE9 /* PSProgressHUDUITests */,
				9D8F43AA1FBD88A30001BAE9 /* Products */,
			);
			sourceTree = "<group>";
		};
		9D8F43AA1FBD88A30001BAE9 /* Products */ = {
			isa = PBXGroup;
			children = (
				9D8F43A91FBD88A30001BAE9 /* PSProgressHUD.app */,
				9D8F43C11FBD88A30001BAE9 /* PSProgressHUDTests.xctest */,
				9D8F43CC1FBD88A30001BAE9 /* PSProgressHUDUITests.xctest */,
			);
			name = Products;
			sourceTree = "<group>";
		};
		9D8F43AB1FBD88A30001BAE9 /* PSProgressHUD */ = {
			isa = PBXGroup;
			children = (
				9D8F43AC1FBD88A30001BAE9 /* AppDelegate.h */,
				9D8F43AD1FBD88A30001BAE9 /* AppDelegate.m */,
				9D8F43AF1FBD88A30001BAE9 /* ViewController.h */,
				9D8F43B01FBD88A30001BAE9 /* ViewController.m */,
				9D8F43B21FBD88A30001BAE9 /* Main.storyboard */,
				9D8F43B51FBD88A30001BAE9 /* Assets.xcassets */,
				9D8F43B71FBD88A30001BAE9 /* LaunchScreen.storyboard */,
				9D8F43BA1FBD88A30001BAE9 /* Info.plist */,
				9D8F43BB1FBD88A30001BAE9 /* main.m */,
			);
			path = PSProgressHUD;
			sourceTree = "<group>";
		};
		9D8F43C41FBD88A30001BAE9 /* PSProgressHUDTests */ = {
			isa = PBXGroup;
			children = (
				9D8F43C51FBD88A30001BAE9 /* PSProgressHUDTests.m */,
				9D8F43C71FBD88A30001BAE9 /* Info.plist */,
			);
			path = PSProgressHUDTests;
			sourceTree = "<group>";
		};
		9D8F43CF1FBD88A30001BAE9 /* PSProgressHUDUITests */ = {
			isa = PBXGroup;
			children = (
				9D8F43D01FBD88A30001BAE9 /* PSProgressHUDUITests.m */,
				9D8F43D21FBD88A30001BAE9 /* Info.plist */,
			);
			path = PSProgressHUDUITests;
			sourceTree = "<group>";
		};
/* End PBXGroup section */

/* Begin PBXNativeTarget section */
		9D8F43A81FBD88A30001BAE9 /* PSProgressHUD */ = {
			isa = PBXNativeTarget;
			buildConfigurationList = 9D8F43D51FBD88A30001BAE9 /* Build configuration list for PBXNativeTarget "PSProgressHUD" */;
			buildPhases = (
				9D8F43A51FBD88A30001BAE9 /* Sources */,
				9D8F43A61FBD88A30001BAE9 /* Frameworks */,
				9D8F43A71FBD88A30001BAE9 /* Resources */,
			);
			buildRules = (
			);
			dependencies = (
			);
			name = PSProgressHUD;
			productName = PSProgressHUD;
			productReference = 9D8F43A91FBD88A30001BAE9 /* PSProgressHUD.app */;
			productType = "com.apple.product-type.application";
		};
		9D8F43C01FBD88A30001BAE9 /* PSProgressHUDTests */ = {
			isa = PBXNativeTarget;
			buildConfigurationList = 9D8F43D81FBD88A30001BAE9 /* Build configuration list for PBXNativeTarget "PSProgressHUDTests" */;
			buildPhases = (
				9D8F43BD1FBD88A30001BAE9 /* Sources */,
				9D8F43BE1FBD88A30001BAE9 /* Frameworks */,
				9D8F43BF1FBD88A30001BAE9 /* Resources */,
			);
			buildRules = (
			);
			dependencies = (
				9D8F43C31FBD88A30001BAE9 /* PBXTargetDependency */,
			);
			name = PSProgressHUDTests;
			productName = PSProgressHUDTests;
			productReference = 9D8F43C11FBD88A30001BAE9 /* PSProgressHUDTests.xctest */;
			productType = "com.apple.product-type.bundle.unit-test";
		};
		9D8F43CB1FBD88A30001BAE9 /* PSProgressHUDUITests */ = {
			isa = PBXNativeTarget;
			buildConfigurationList = 9D8F43DB1FBD88A40001BAE9 /* Build configuration list for PBXNativeTarget "PSProgressHUDUITests" */;
			buildPhases = (
				9D8F43C81FBD88A30001BAE9 /* Sources */,
				9D8F43C91FBD88A30001BAE9 /* Frameworks */,
				9D8F43CA1FBD88A30001BAE9 /* Resources */,
			);
			buildRules = (
			);
			dependencies = (
				9D8F43CE1FBD88A30001BAE9 /* PBXTargetDependency */,
			);
			name = PSProgressHUDUITests;
			productName = PSProgressHUDUITests;
			productReference = 9D8F43CC1FBD88A30001BAE9 /* PSProgressHUDUITests.xctest */;
			productType = "com.apple.product-type.bundle.ui-testing";
		};
/* End PBXNativeTarget section */

/* Begin PBXProject section */
		9D8F43A11FBD88A30001BAE9 /* Project object */ = {
			isa = PBXProject;
			attributes = {
				LastUpgradeCheck = 0910;
				ORGANIZATIONNAME = huangzhifei;
				TargetAttributes = {
					9D8F43A81FBD88A30001BAE9 = {
						CreatedOnToolsVersion = 9.1;
						ProvisioningStyle = Automatic;
					};
					9D8F43C01FBD88A30001BAE9 = {
						CreatedOnToolsVersion = 9.1;
						ProvisioningStyle = Automatic;
						TestTargetID = 9D8F43A81FBD88A30001BAE9;
					};
					9D8F43CB1FBD88A30001BAE9 = {
						CreatedOnToolsVersion = 9.1;
						ProvisioningStyle = Automatic;
						TestTargetID = 9D8F43A81FBD88A30001BAE9;
					};
				};
			};
			buildConfigurationList = 9D8F43A41FBD88A30001BAE9 /* Build configuration list for PBXProject "PSProgressHUD" */;
			compatibilityVersion = "Xcode 8.0";
			developmentRegion = en;
			hasScannedForEncodings = 0;
			knownRegions = (
				en,
				Base,
			);
			mainGroup = 9D8F43A01FBD88A30001BAE9;
			productRefGroup = 9D8F43AA1FBD88A30001BAE9 /* Products */;
			projectDirPath = "";
			projectRoot = "";
			targets = (
				9D8F43A81FBD88A30001BAE9 /* PSProgressHUD */,
				9D8F43C01FBD88A30001BAE9 /* PSProgressHUDTests */,
				9D8F43CB1FBD88A30001BAE9 /* PSProgressHUDUITests */,
			);
		};
/* End PBXProject section */

/* Begin PBXResourcesBuildPhase section */
		9D8F43A71FBD88A30001BAE9 /* Resources */ = {
			isa = PBXResourcesBuildPhase;
			buildActionMask = 2147483647;
			files = (
				9D8F43B91FBD88A30001BAE9 /* LaunchScreen.storyboard in Resources */,
				9D8F43B61FBD88A30001BAE9 /* Assets.xcassets in Resources */,
				9D8F43B41FBD88A30001BAE9 /* Main.storyboard in Resources */,
			);
			runOnlyForDeploymentPostprocessing = 0;
		};
		9D8F43BF1FBD88A30001BAE9 /* Resources */ = {
			isa = PBXResourcesBuildPhase;
			buildActionMask = 2147483647;
			files = (
			);
			runOnlyForDeploymentPostprocessing = 0;
		};
		9D8F43CA1FBD88A30001BAE9 /* Resources */ = {
			isa = PBXResourcesBuildPhase;
			buildActionMask = 2147483647;
			files = (
			);
			runOnlyForDeploymentPostprocessing = 0;
		};
/* End PBXResourcesBuildPhase section */

/* Begin PBXSourcesBuildPhase section */
		9D8F43A51FBD88A30001BAE9 /* Sources */ = {
			isa = PBXSourcesBuildPhase;
			buildActionMask = 2147483647;
			files = (
				9D8F43B11FBD88A30001BAE9 /* ViewController.m in Sources */,
				9D8F43BC1FBD88A30001BAE9 /* main.m in Sources */,
				9D8F43AE1FBD88A30001BAE9 /* AppDelegate.m in Sources */,
			);
			runOnlyForDeploymentPostprocessing = 0;
		};
		9D8F43BD1FBD88A30001BAE9 /* Sources */ = {
			isa = PBXSourcesBuildPhase;
			buildActionMask = 2147483647;
			files = (
				9D8F43C61FBD88A30001BAE9 /* PSProgressHUDTests.m in Sources */,
			);
			runOnlyForDeploymentPostprocessing = 0;
		};
		9D8F43C81FBD88A30001BAE9 /* Sources */ = {
			isa = PBXSourcesBuildPhase;
			buildActionMask = 2147483647;
			files = (
				9D8F43D11FBD88A30001BAE9 /* PSProgressHUDUITests.m in Sources */,
			);
			runOnlyForDeploymentPostprocessing = 0;
		};
/* End PBXSourcesBuildPhase section */

/* Begin PBXTargetDependency section */
		9D8F43C31FBD88A30001BAE9 /* PBXTargetDependency */ = {
			isa = PBXTargetDependency;
			target = 9D8F43A81FBD88A30001BAE9 /* PSProgressHUD */;
			targetProxy = 9D8F43C21FBD88A30001BAE9 /* PBXContainerItemProxy */;
		};
		9D8F43CE1FBD88A30001BAE9 /* PBXTargetDependency */ = {
			isa = PBXTargetDependency;
			target = 9D8F43A81FBD88A30001BAE9 /* PSProgressHUD */;
			targetProxy = 9D8F43CD1FBD88A30001BAE9 /* PBXContainerItemProxy */;
		};
/* End PBXTargetDependency section */

/* Begin PBXVariantGroup section */
		9D8F43B21FBD88A30001BAE9 /* Main.storyboard */ = {
			isa = PBXVariantGroup;
			children = (
				9D8F43B31FBD88A30001BAE9 /* Base */,
			);
			name = Main.storyboard;
			sourceTree = "<group>";
		};
		9D8F43B71FBD88A30001BAE9 /* LaunchScreen.storyboard */ = {
			isa = PBXVariantGroup;
			children = (
				9D8F43B81FBD88A30001BAE9 /* Base */,
			);
			name = LaunchScreen.storyboard;
			sourceTree = "<group>";
		};
/* End PBXVariantGroup section */

/* Begin XCBuildConfiguration section */
		9D8F43D31FBD88A30001BAE9 /* Debug */ = {
			isa = XCBuildConfiguration;
			buildSettings = {
				ALWAYS_SEARCH_USER_PATHS = NO;
				CLANG_ANALYZER_NONNULL = YES;
				CLANG_ANALYZER_NUMBER_OBJECT_CONVERSION = YES_AGGRESSIVE;
				CLANG_CXX_LANGUAGE_STANDARD = "gnu++14";
				CLANG_CXX_LIBRARY = "libc++";
				CLANG_ENABLE_MODULES = YES;
				CLANG_ENABLE_OBJC_ARC = YES;
				CLANG_WARN_BLOCK_CAPTURE_AUTORELEASING = YES;
				CLANG_WARN_BOOL_CONVERSION = YES;
				CLANG_WARN_COMMA = YES;
				CLANG_WARN_CONSTANT_CONVERSION = YES;
				CLANG_WARN_DIRECT_OBJC_ISA_USAGE = YES_ERROR;
				CLANG_WARN_DOCUMENTATION_COMMENTS = YES;
				CLANG_WARN_EMPTY_BODY = YES;
				CLANG_WARN_ENUM_CONVERSION = YES;
				CLANG_WARN_INFINITE_RECURSION = YES;
				CLANG_WARN_INT_CONVERSION = YES;
				CLANG_WARN_NON_LITERAL_NULL_CONVERSION = YES;
				CLANG_WARN_OBJC_LITERAL_CONVERSION = YES;
				CLANG_WARN_OBJC_ROOT_CLASS = YES_ERROR;
				CLANG_WARN_RANGE_LOOP_ANALYSIS = YES;
				CLANG_WARN_STRICT_PROTOTYPES = YES;
				CLANG_WARN_SUSPICIOUS_MOVE = YES;
				CLANG_WARN_UNGUARDED_AVAILABILITY = YES_AGGRESSIVE;
				CLANG_WARN_UNREACHABLE_CODE = YES;
				CLANG_WARN__DUPLICATE_METHOD_MATCH = YES;
				CODE_SIGN_IDENTITY = "iPhone Developer";
				COPY_PHASE_STRIP = NO;
				DEBUG_INFORMATION_FORMAT = dwarf;
				ENABLE_STRICT_OBJC_MSGSEND = YES;
				ENABLE_TESTABILITY = YES;
				GCC_C_LANGUAGE_STANDARD = gnu11;
				GCC_DYNAMIC_NO_PIC = NO;
				GCC_NO_COMMON_BLOCKS = YES;
				GCC_OPTIMIZATION_LEVEL = 0;
				GCC_PREPROCESSOR_DEFINITIONS = (
					"DEBUG=1",
					"$(inherited)",
				);
				GCC_WARN_64_TO_32_BIT_CONVERSION = YES;
				GCC_WARN_ABOUT_RETURN_TYPE = YES_ERROR;
				GCC_WARN_UNDECLARED_SELECTOR = YES;
				GCC_WARN_UNINITIALIZED_AUTOS = YES_AGGRESSIVE;
				GCC_WARN_UNUSED_FUNCTION = YES;
				GCC_WARN_UNUSED_VARIABLE = YES;
				IPHONEOS_DEPLOYMENT_TARGET = 8.0;
				MTL_ENABLE_DEBUG_INFO = YES;
				ONLY_ACTIVE_ARCH = YES;
				SDKROOT = iphoneos;
			};
			name = Debug;
		};
		9D8F43D41FBD88A30001BAE9 /* Release */ = {
			isa = XCBuildConfiguration;
			buildSettings = {
				ALWAYS_SEARCH_USER_PATHS = NO;
				CLANG_ANALYZER_NONNULL = YES;
				CLANG_ANALYZER_NUMBER_OBJECT_CONVERSION = YES_AGGRESSIVE;
				CLANG_CXX_LANGUAGE_STANDARD = "gnu++14";
				CLANG_CXX_LIBRARY = "libc++";
				CLANG_ENABLE_MODULES = YES;
				CLANG_ENABLE_OBJC_ARC = YES;
				CLANG_WARN_BLOCK_CAPTURE_AUTORELEASING = YES;
				CLANG_WARN_BOOL_CONVERSION = YES;
				CLANG_WARN_COMMA = YES;
				CLANG_WARN_CONSTANT_CONVERSION = YES;
				CLANG_WARN_DIRECT_OBJC_ISA_USAGE = YES_ERROR;
				CLANG_WARN_DOCUMENTATION_COMMENTS = YES;
				CLANG_WARN_EMPTY_BODY = YES;
				CLANG_WARN_ENUM_CONVERSION = YES;
				CLANG_WARN_INFINITE_RECURSION = YES;
				CLANG_WARN_INT_CONVERSION = YES;
				CLANG_WARN_NON_LITERAL_NULL_CONVERSION = YES;
				CLANG_WARN_OBJC_LITERAL_CONVERSION = YES;
				CLANG_WARN_OBJC_ROOT_CLASS = YES_ERROR;
				CLANG_WARN_RANGE_LOOP_ANALYSIS = YES;
				CLANG_WARN_STRICT_PROTOTYPES = YES;
				CLANG_WARN_SUSPICIOUS_MOVE = YES;
				CLANG_WARN_UNGUARDED_AVAILABILITY = YES_AGGRESSIVE;
				CLANG_WARN_UNREACHABLE_CODE = YES;
				CLANG_WARN__DUPLICATE_METHOD_MATCH = YES;
				CODE_SIGN_IDENTITY = "iPhone Developer";
				COPY_PHASE_STRIP = NO;
				DEBUG_INFORMATION_FORMAT = "dwarf-with-dsym";
				ENABLE_NS_ASSERTIONS = NO;
				ENABLE_STRICT_OBJC_MSGSEND = YES;
				GCC_C_LANGUAGE_STANDARD = gnu11;
				GCC_NO_COMMON_BLOCKS = YES;
				GCC_WARN_64_TO_32_BIT_CONVERSION = YES;
				GCC_WARN_ABOUT_RETURN_TYPE = YES_ERROR;
				GCC_WARN_UNDECLARED_SELECTOR = YES;
				GCC_WARN_UNINITIALIZED_AUTOS = YES_AGGRESSIVE;
				GCC_WARN_UNUSED_FUNCTION = YES;
				GCC_WARN_UNUSED_VARIABLE = YES;
				IPHONEOS_DEPLOYMENT_TARGET = 8.0;
				MTL_ENABLE_DEBUG_INFO = NO;
				SDKROOT = iphoneos;
				VALIDATE_PRODUCT = YES;
			};
			name = Release;
		};
		9D8F43D61FBD88A30001BAE9 /* Debug */ = {
			isa = XCBuildConfiguration;
			buildSettings = {
				ASSETCATALOG_COMPILER_APPICON_NAME = AppIcon;
				CODE_SIGN_STYLE = Automatic;
				DEVELOPMENT_TEAM = 2JDXBDZP8Y;
				INFOPLIST_FILE = PSProgressHUD/Info.plist;
				LD_RUNPATH_SEARCH_PATHS = "$(inherited) @executable_path/Frameworks";
				PRODUCT_BUNDLE_IDENTIFIER = com.hzf.PSProgressHUD;
				PRODUCT_NAME = "$(TARGET_NAME)";
				TARGETED_DEVICE_FAMILY = "1,2";
			};
			name = Debug;
		};
		9D8F43D71FBD88A30001BAE9 /* Release */ = {
			isa = XCBuildConfiguration;
			buildSettings = {
				ASSETCATALOG_COMPILER_APPICON_NAME = AppIcon;
				CODE_SIGN_STYLE = Automatic;
				DEVELOPMENT_TEAM = 2JDXBDZP8Y;
				INFOPLIST_FILE = PSProgressHUD/Info.plist;
				LD_RUNPATH_SEARCH_PATHS = "$(inherited) @executable_path/Frameworks";
				PRODUCT_BUNDLE_IDENTIFIER = com.hzf.PSProgressHUD;
				PRODUCT_NAME = "$(TARGET_NAME)";
				TARGETED_DEVICE_FAMILY = "1,2";
			};
			name = Release;
		};
		9D8F43D91FBD88A30001BAE9 /* Debug */ = {
			isa = XCBuildConfiguration;
			buildSettings = {
				BUNDLE_LOADER = "$(TEST_HOST)";
				CODE_SIGN_STYLE = Automatic;
				DEVELOPMENT_TEAM = A6E9Q4936R;
				INFOPLIST_FILE = PSProgressHUDTests/Info.plist;
				LD_RUNPATH_SEARCH_PATHS = "$(inherited) @executable_path/Frameworks @loader_path/Frameworks";
				PRODUCT_BUNDLE_IDENTIFIER = com.hzf.PSProgressHUDTests;
				PRODUCT_NAME = "$(TARGET_NAME)";
				TARGETED_DEVICE_FAMILY = "1,2";
				TEST_HOST = "$(BUILT_PRODUCTS_DIR)/PSProgressHUD.app/PSProgressHUD";
			};
			name = Debug;
		};
		9D8F43DA1FBD88A30001BAE9 /* Release */ = {
			isa = XCBuildConfiguration;
			buildSettings = {
				BUNDLE_LOADER = "$(TEST_HOST)";
				CODE_SIGN_STYLE = Automatic;
				DEVELOPMENT_TEAM = A6E9Q4936R;
				INFOPLIST_FILE = PSProgressHUDTests/Info.plist;
				LD_RUNPATH_SEARCH_PATHS = "$(inherited) @executable_path/Frameworks @loader_path/Frameworks";
				PRODUCT_BUNDLE_IDENTIFIER = com.hzf.PSProgressHUDTests;
				PRODUCT_NAME = "$(TARGET_NAME)";
				TARGETED_DEVICE_FAMILY = "1,2";
				TEST_HOST = "$(BUILT_PRODUCTS_DIR)/PSProgressHUD.app/PSProgressHUD";
			};
			name = Release;
		};
		9D8F43DC1FBD88A40001BAE9 /* Debug */ = {
			isa = XCBuildConfiguration;
			buildSettings = {
				CODE_SIGN_STYLE = Automatic;
				DEVELOPMENT_TEAM = A6E9Q4936R;
				INFOPLIST_FILE = PSProgressHUDUITests/Info.plist;
				LD_RUNPATH_SEARCH_PATHS = "$(inherited) @executable_path/Frameworks @loader_path/Frameworks";
				PRODUCT_BUNDLE_IDENTIFIER = com.hzf.PSProgressHUDUITests;
				PRODUCT_NAME = "$(TARGET_NAME)";
				TARGETED_DEVICE_FAMILY = "1,2";
				TEST_TARGET_NAME = PSProgressHUD;
			};
			name = Debug;
		};
		9D8F43DD1FBD88A40001BAE9 /* Release */ = {
			isa = XCBuildConfiguration;
			buildSettings = {
				CODE_SIGN_STYLE = Automatic;
				DEVELOPMENT_TEAM = A6E9Q4936R;
				INFOPLIST_FILE = PSProgressHUDUITests/Info.plist;
				LD_RUNPATH_SEARCH_PATHS = "$(inherited) @executable_path/Frameworks @loader_path/Frameworks";
				PRODUCT_BUNDLE_IDENTIFIER = com.hzf.PSProgressHUDUITests;
				PRODUCT_NAME = "$(TARGET_NAME)";
				TARGETED_DEVICE_FAMILY = "1,2";
				TEST_TARGET_NAME = PSProgressHUD;
			};
			name = Release;
		};
/* End XCBuildConfiguration section */

/* Begin XCConfigurationList section */
		9D8F43A41FBD88A30001BAE9 /* Build configuration list for PBXProject "PSProgressHUD" */ = {
			isa = XCConfigurationList;
			buildConfigurations = (
				9D8F43D31FBD88A30001BAE9 /* Debug */,
				9D8F43D41FBD88A30001BAE9 /* Release */,
			);
			defaultConfigurationIsVisible = 0;
			defaultConfigurationName = Release;
		};
		9D8F43D51FBD88A30001BAE9 /* Build configuration list for PBXNativeTarget "PSProgressHUD" */ = {
			isa = XCConfigurationList;
			buildConfigurations = (
				9D8F43D61FBD88A30001BAE9 /* Debug */,
				9D8F43D71FBD88A30001BAE9 /* Release */,
			);
			defaultConfigurationIsVisible = 0;
			defaultConfigurationName = Release;
		};
		9D8F43D81FBD88A30001BAE9 /* Build configuration list for PBXNativeTarget "PSProgressHUDTests" */ = {
			isa = XCConfigurationList;
			buildConfigurations = (
				9D8F43D91FBD88A30001BAE9 /* Debug */,
				9D8F43DA1FBD88A30001BAE9 /* Release */,
			);
			defaultConfigurationIsVisible = 0;
			defaultConfigurationName = Release;
		};
		9D8F43DB1FBD88A40001BAE9 /* Build configuration list for PBXNativeTarget "PSProgressHUDUITests" */ = {
			isa = XCConfigurationList;
			buildConfigurations = (
				9D8F43DC1FBD88A40001BAE9 /* Debug */,
				9D8F43DD1FBD88A40001BAE9 /* Release */,
			);
			defaultConfigurationIsVisible = 0;
			defaultConfigurationName = Release;
		};
/* End XCConfigurationList section */
	};
	rootObject = 9D8F43A11FBD88A30001BAE9 /* Project object */;
}
